
Microsoft Visual Studio Solution File, Format Version 12.00
# Visual Studio Version 17
VisualStudioVersion = 17.1.32228.430
MinimumVisualStudioVersion = 10.0.40219.1
Project("{9A19103F-16F7-4668-BE54-9A1E7A4F7556}") = "OOP1", "ders4\OOP1.csproj", "{C2495733-ADE0-4559-BBFD-0B879F4AEA35}"
EndProject
Project("{FAE04EC0-301F-11D3-BF4B-00C04F79EFBC}") = "Koleksiyonlar", "Koleksiyonlar\Koleksiyonlar.csproj", "{0C47F6B2-79BD-407E-825E-824962B27416}"
EndProject
Project("{FAE04EC0-301F-11D3-BF4B-00C04F79EFBC}") = "GenericksIntro", "GenericksIntro\GenericksIntro.csproj", "{E77463F4-8923-43A1-AEFF-9919F342B3E5}"
EndProject
Global
	GlobalSection(SolutionConfigurationPlatforms) = preSolution
		Debug|Any CPU = Debug|Any CPU
		Release|Any CPU = Release|Any CPU
	EndGlobalSection
	GlobalSection(ProjectConfigurationPlatforms) = postSolution
		{C2495733-ADE0-4559-BBFD-0B879F4AEA35}.Debug|Any CPU.ActiveCfg = Debug|Any CPU
		{C2495733-ADE0-4559-BBFD-0B879F4AEA35}.Debug|Any CPU.Build.0 = Debug|Any CPU
		{C2495733-ADE0-4559-BBFD-0B879F4AEA35}.Release|Any CPU.ActiveCfg = Release|Any CPU
		{C2495733-ADE0-4559-BBFD-0B879F4AEA35}.Release|Any CPU.Build.0 = Release|Any CPU
		{0C47F6B2-79BD-407E-825E-824962B27416}.Debug|Any CPU.ActiveCfg = Debug|Any CPU
		{0C47F6B2-79BD-407E-825E-824962B27416}.Debug|Any CPU.Build.0 = Debug|Any CPU
		{0C47F6B2-79BD-407E-825E-824962B27416}.Release|Any CPU.ActiveCfg = Release|Any CPU
		{0C47F6B2-79BD-407E-825E-824962B27416}.Release|Any CPU.Build.0 = Release|Any CPU
		{E77463F4-8923-43A1-AEFF-9919F342B3E5}.Debug|Any CPU.ActiveCfg = Debug|Any CPU
		{E77463F4-8923-43A1-AEFF-9919F342B3E5}.Debug|Any CPU.Build.0 = Debug|Any CPU
		{E77463F4-8923-43A1-AEFF-9919F342B3E5}.Release|Any CPU.ActiveCfg = Release|Any CPU
		{E77463F4-8923-43A1-AEFF-9919F342B3E5}.Release|Any CPU.Build.0 = Release|Any CPU
	EndGlobalSection
	GlobalSection(SolutionProperties) = preSolution
		HideSolutionNode = FALSE
	EndGlobalSection
	GlobalSection(ExtensibilityGlobals) = postSolution
		SolutionGuid = {C5960A85-00CA-4E72-98DF-FF023CD58C4C}
	EndGlobalSection
EndGlobal
